
Microsoft Visual Studio Solution File, Format Version 12.00
# Visual Studio Version 16
VisualStudioVersion = 16.0.29905.134
MinimumVisualStudioVersion = 10.0.40219.1
Project("{FAE04EC0-301F-11D3-BF4B-00C04F79EFBC}") = "SHT", "SHT.csproj", "{7F356A57-32D6-4CDE-8989-60F7DC642A2B}"
EndProject
Global
	GlobalSection(SolutionConfigurationPlatforms) = preSolution
		Debug|Any CPU = Debug|Any CPU
		Debug|x86 = Debug|x86
		Release|Any CPU = Release|Any CPU
		Release|x86 = Release|x86
	EndGlobalSection
	GlobalSection(ProjectConfigurationPlatforms) = postSolution
		{7F356A57-32D6-4CDE-8989-60F7DC642A2B}.Debug|Any CPU.ActiveCfg = Debug|x86
		{7F356A57-32D6-4CDE-8989-60F7DC642A2B}.Debug|x86.ActiveCfg = Debug|x86
		{7F356A57-32D6-4CDE-8989-60F7DC642A2B}.Debug|x86.Build.0 = Debug|x86
		{7F356A57-32D6-4CDE-8989-60F7DC642A2B}.Release|Any CPU.ActiveCfg = Release|x86
		{7F356A57-32D6-4CDE-8989-60F7DC642A2B}.Release|x86.ActiveCfg = Release|x86
		{7F356A57-32D6-4CDE-8989-60F7DC642A2B}.Release|x86.Build.0 = Release|x86
	EndGlobalSection
	GlobalSection(SolutionProperties) = preSolution
		HideSolutionNode = FALSE
	EndGlobalSection
	GlobalSection(ExtensibilityGlobals) = postSolution
		SolutionGuid = {11A32896-DB61-4A7D-905C-4916BCAA14FB}
	EndGlobalSection
EndGlobal
